
Microsoft Visual Studio Solution File, Format Version 12.00
# Visual Studio Version 17
VisualStudioVersion = 17.1.32328.378
MinimumVisualStudioVersion = 10.0.40219.1
Project("{FAE04EC0-301F-11D3-BF4B-00C04F79EFBC}") = "PZ6", "PZ6\PZ6.csproj", "{27058122-F6C7-42D1-9666-FB62794DDC13}"
EndProject
Global
	GlobalSection(SolutionConfigurationPlatforms) = preSolution
		Debug|Any CPU = Debug|Any CPU
		Release|Any CPU = Release|Any CPU
	EndGlobalSection
	GlobalSection(ProjectConfigurationPlatforms) = postSolution
		{27058122-F6C7-42D1-9666-FB62794DDC13}.Debug|Any CPU.ActiveCfg = Debug|Any CPU
		{27058122-F6C7-42D1-9666-FB62794DDC13}.Debug|Any CPU.Build.0 = Debug|Any CPU
		{27058122-F6C7-42D1-9666-FB62794DDC13}.Release|Any CPU.ActiveCfg = Release|Any CPU
		{27058122-F6C7-42D1-9666-FB62794DDC13}.Release|Any CPU.Build.0 = Release|Any CPU
	EndGlobalSection
	GlobalSection(SolutionProperties) = preSolution
		HideSolutionNode = FALSE
	EndGlobalSection
	GlobalSection(ExtensibilityGlobals) = postSolution
		SolutionGuid = {39A6F6AA-0CCA-4C40-AFF5-287076F00FB6}
	EndGlobalSection
EndGlobal
